
Microsoft Visual Studio Solution File, Format Version 12.00
# Visual Studio Version 16
VisualStudioVersion = 16.0.29905.134
MinimumVisualStudioVersion = 10.0.40219.1
Project("{9A19103F-16F7-4668-BE54-9A1E7A4F7556}") = "business", "bussines\business.csproj", "{490FDDB6-0F88-436D-86C7-1D4DF01503D7}"
EndProject
Project("{9A19103F-16F7-4668-BE54-9A1E7A4F7556}") = "databaseImplement", "databaseImplement\databaseImplement.csproj", "{C50D3E89-546C-496F-951B-73CE65C0BEAA}"
EndProject
Project("{FAE04EC0-301F-11D3-BF4B-00C04F79EFBC}") = "SomeView", "SomeView\SomeView.csproj", "{F7808F6D-2E6F-4EA3-87C8-01F1A5D89332}"
EndProject
Global
	GlobalSection(SolutionConfigurationPlatforms) = preSolution
		Debug|Any CPU = Debug|Any CPU
		Release|Any CPU = Release|Any CPU
	EndGlobalSection
	GlobalSection(ProjectConfigurationPlatforms) = postSolution
		{490FDDB6-0F88-436D-86C7-1D4DF01503D7}.Debug|Any CPU.ActiveCfg = Debug|Any CPU
		{490FDDB6-0F88-436D-86C7-1D4DF01503D7}.Debug|Any CPU.Build.0 = Debug|Any CPU
		{490FDDB6-0F88-436D-86C7-1D4DF01503D7}.Release|Any CPU.ActiveCfg = Release|Any CPU
		{490FDDB6-0F88-436D-86C7-1D4DF01503D7}.Release|Any CPU.Build.0 = Release|Any CPU
		{C50D3E89-546C-496F-951B-73CE65C0BEAA}.Debug|Any CPU.ActiveCfg = Debug|Any CPU
		{C50D3E89-546C-496F-951B-73CE65C0BEAA}.Debug|Any CPU.Build.0 = Debug|Any CPU
		{C50D3E89-546C-496F-951B-73CE65C0BEAA}.Release|Any CPU.ActiveCfg = Release|Any CPU
		{C50D3E89-546C-496F-951B-73CE65C0BEAA}.Release|Any CPU.Build.0 = Release|Any CPU
		{F7808F6D-2E6F-4EA3-87C8-01F1A5D89332}.Debug|Any CPU.ActiveCfg = Debug|Any CPU
		{F7808F6D-2E6F-4EA3-87C8-01F1A5D89332}.Debug|Any CPU.Build.0 = Debug|Any CPU
		{F7808F6D-2E6F-4EA3-87C8-01F1A5D89332}.Release|Any CPU.ActiveCfg = Release|Any CPU
		{F7808F6D-2E6F-4EA3-87C8-01F1A5D89332}.Release|Any CPU.Build.0 = Release|Any CPU
	EndGlobalSection
	GlobalSection(SolutionProperties) = preSolution
		HideSolutionNode = FALSE
	EndGlobalSection
	GlobalSection(ExtensibilityGlobals) = postSolution
		SolutionGuid = {A0F32F98-499B-4949-8CEF-7F74F44989B8}
	EndGlobalSection
EndGlobal
